
Microsoft Visual Studio Solution File, Format Version 12.00
# Visual Studio Version 17
VisualStudioVersion = 17.0.31903.59
MinimumVisualStudioVersion = 10.0.40219.1
Project("{2150E333-8FDC-42A3-9474-1A3956D46DE8}") = "src", "src", "{C18AC437-FBFA-4878-B57B-004E429F3D91}"
EndProject
Project("{FAE04EC0-301F-11D3-BF4B-00C04F79EFBC}") = "Sentinel.Desktop", "src\Sentinel.Desktop\Sentinel.Desktop.csproj", "{BA1F12F2-3573-4DF8-94A2-AB69EF6E16FB}"
EndProject
Project("{FAE04EC0-301F-11D3-BF4B-00C04F79EFBC}") = "Sentinel.Core", "src\Sentinel.Core\Sentinel.Core.csproj", "{C062E486-59AE-43D2-A0C1-A01AE330CCC7}"
EndProject
Project("{FAE04EC0-301F-11D3-BF4B-00C04F79EFBC}") = "Sentinel.Infrastructure", "src\Sentinel.Infrastructure\Sentinel.Infrastructure.csproj", "{AFC90F08-0010-4552-A540-91B16C199A90}"
EndProject
Project("{FAE04EC0-301F-11D3-BF4B-00C04F79EFBC}") = "Sentinel.Shared", "src\Sentinel.Shared\Sentinel.Shared.csproj", "{001E8A65-55C0-45A2-B4A7-C22C19928B53}"
EndProject
Global
	GlobalSection(SolutionConfigurationPlatforms) = preSolution
		Debug|Any CPU = Debug|Any CPU
		Release|Any CPU = Release|Any CPU
	EndGlobalSection
	GlobalSection(SolutionProperties) = preSolution
		HideSolutionNode = FALSE
	EndGlobalSection
	GlobalSection(ProjectConfigurationPlatforms) = postSolution
		{BA1F12F2-3573-4DF8-94A2-AB69EF6E16FB}.Debug|Any CPU.ActiveCfg = Debug|Any CPU
		{BA1F12F2-3573-4DF8-94A2-AB69EF6E16FB}.Debug|Any CPU.Build.0 = Debug|Any CPU
		{BA1F12F2-3573-4DF8-94A2-AB69EF6E16FB}.Release|Any CPU.ActiveCfg = Release|Any CPU
		{BA1F12F2-3573-4DF8-94A2-AB69EF6E16FB}.Release|Any CPU.Build.0 = Release|Any CPU
		{C062E486-59AE-43D2-A0C1-A01AE330CCC7}.Debug|Any CPU.ActiveCfg = Debug|Any CPU
		{C062E486-59AE-43D2-A0C1-A01AE330CCC7}.Debug|Any CPU.Build.0 = Debug|Any CPU
		{C062E486-59AE-43D2-A0C1-A01AE330CCC7}.Release|Any CPU.ActiveCfg = Release|Any CPU
		{C062E486-59AE-43D2-A0C1-A01AE330CCC7}.Release|Any CPU.Build.0 = Release|Any CPU
		{AFC90F08-0010-4552-A540-91B16C199A90}.Debug|Any CPU.ActiveCfg = Debug|Any CPU
		{AFC90F08-0010-4552-A540-91B16C199A90}.Debug|Any CPU.Build.0 = Debug|Any CPU
		{AFC90F08-0010-4552-A540-91B16C199A90}.Release|Any CPU.ActiveCfg = Release|Any CPU
		{AFC90F08-0010-4552-A540-91B16C199A90}.Release|Any CPU.Build.0 = Release|Any CPU
		{001E8A65-55C0-45A2-B4A7-C22C19928B53}.Debug|Any CPU.ActiveCfg = Debug|Any CPU
		{001E8A65-55C0-45A2-B4A7-C22C19928B53}.Debug|Any CPU.Build.0 = Debug|Any CPU
		{001E8A65-55C0-45A2-B4A7-C22C19928B53}.Release|Any CPU.ActiveCfg = Release|Any CPU
		{001E8A65-55C0-45A2-B4A7-C22C19928B53}.Release|Any CPU.Build.0 = Release|Any CPU
	EndGlobalSection
	GlobalSection(NestedProjects) = preSolution
		{BA1F12F2-3573-4DF8-94A2-AB69EF6E16FB} = {C18AC437-FBFA-4878-B57B-004E429F3D91}
		{C062E486-59AE-43D2-A0C1-A01AE330CCC7} = {C18AC437-FBFA-4878-B57B-004E429F3D91}
		{AFC90F08-0010-4552-A540-91B16C199A90} = {C18AC437-FBFA-4878-B57B-004E429F3D91}
		{001E8A65-55C0-45A2-B4A7-C22C19928B53} = {C18AC437-FBFA-4878-B57B-004E429F3D91}
	EndGlobalSection
EndGlobal
